// !$*UTF8*$!
{
	archiveVersion = 1;
	classes = {
	};
	objectVersion = 56;
	objects = {

/* Begin PBXBuildFile section */
		A616E9DD2B80E95E0035BECA /* KeychainHelperClass.swift in Sources */ = {isa = PBXBuildFile; fileRef = A616E9DC2B80E95E0035BECA /* KeychainHelperClass.swift */; };
		A62996232B74C0C80074EBF1 /* NetworkCall.swift in Sources */ = {isa = PBXBuildFile; fileRef = A62996222B74C0C80074EBF1 /* NetworkCall.swift */; };
		A62996252B74C2060074EBF1 /* registrationModel.swift in Sources */ = {isa = PBXBuildFile; fileRef = A62996242B74C2060074EBF1 /* registrationModel.swift */; };
		A62996272B74C3260074EBF1 /* RegistrationViewModel.swift in Sources */ = {isa = PBXBuildFile; fileRef = A62996262B74C3260074EBF1 /* RegistrationViewModel.swift */; };
		A62996292B74F5D90074EBF1 /* OTPVerificationModel.swift in Sources */ = {isa = PBXBuildFile; fileRef = A62996282B74F5D90074EBF1 /* OTPVerificationModel.swift */; };
		A629962B2B74F69D0074EBF1 /* OTPViewModel.swift in Sources */ = {isa = PBXBuildFile; fileRef = A629962A2B74F69D0074EBF1 /* OTPViewModel.swift */; };
		A629962D2B74F8CC0074EBF1 /* OTPNetworkCall.swift in Sources */ = {isa = PBXBuildFile; fileRef = A629962C2B74F8CC0074EBF1 /* OTPNetworkCall.swift */; };
		A62996302B750E160074EBF1 /* Toast in Frameworks */ = {isa = PBXBuildFile; productRef = A629962F2B750E160074EBF1 /* Toast */; };
		A62996322B7571F50074EBF1 /* VerificationUpdatesModel.swift in Sources */ = {isa = PBXBuildFile; fileRef = A62996312B7571F50074EBF1 /* VerificationUpdatesModel.swift */; };
		A62996402B759DFA0074EBF1 /* RecommendationCollectionViewCell.swift in Sources */ = {isa = PBXBuildFile; fileRef = A629963E2B759DFA0074EBF1 /* RecommendationCollectionViewCell.swift */; };
		A62996412B759DFA0074EBF1 /* RecommendationCollectionViewCell.xib in Resources */ = {isa = PBXBuildFile; fileRef = A629963F2B759DFA0074EBF1 /* RecommendationCollectionViewCell.xib */; };
		A62C2ED12B70E1A8009761CD /* AppDelegate.swift in Sources */ = {isa = PBXBuildFile; fileRef = A62C2ED02B70E1A8009761CD /* AppDelegate.swift */; };
		A62C2ED32B70E1A8009761CD /* SceneDelegate.swift in Sources */ = {isa = PBXBuildFile; fileRef = A62C2ED22B70E1A8009761CD /* SceneDelegate.swift */; };
		A62C2EDA2B70E1A9009761CD /* Assets.xcassets in Resources */ = {isa = PBXBuildFile; fileRef = A62C2ED92B70E1A9009761CD /* Assets.xcassets */; };
		A62C2EE82B70E5EF009761CD /* LoginPageViewController.swift in Sources */ = {isa = PBXBuildFile; fileRef = A62C2EE62B70E5EF009761CD /* LoginPageViewController.swift */; };
		A62C2EE92B70E5EF009761CD /* LoginPageViewController.xib in Resources */ = {isa = PBXBuildFile; fileRef = A62C2EE72B70E5EF009761CD /* LoginPageViewController.xib */; };
		A63B4AF62B7F888500ACC2AD /* RecommendationModel.swift in Sources */ = {isa = PBXBuildFile; fileRef = A63B4AF52B7F888500ACC2AD /* RecommendationModel.swift */; };
		A63B4AF92B800A8A00ACC2AD /* InvestmentCollectionViewCell.swift in Sources */ = {isa = PBXBuildFile; fileRef = A63B4AF72B800A8A00ACC2AD /* InvestmentCollectionViewCell.swift */; };
		A63B4AFA2B800A8A00ACC2AD /* InvestmentCollectionViewCell.xib in Resources */ = {isa = PBXBuildFile; fileRef = A63B4AF82B800A8A00ACC2AD /* InvestmentCollectionViewCell.xib */; };
		A63B4AFD2B80102D00ACC2AD /* AboutCollectionViewCell.swift in Sources */ = {isa = PBXBuildFile; fileRef = A63B4AFB2B80102D00ACC2AD /* AboutCollectionViewCell.swift */; };
		A63B4AFE2B80102D00ACC2AD /* AboutCollectionViewCell.xib in Resources */ = {isa = PBXBuildFile; fileRef = A63B4AFC2B80102D00ACC2AD /* AboutCollectionViewCell.xib */; };
		A63B4B012B802D4400ACC2AD /* GroupInvestmentDetailsViewController.swift in Sources */ = {isa = PBXBuildFile; fileRef = A63B4AFF2B802D4400ACC2AD /* GroupInvestmentDetailsViewController.swift */; };
		A63B4B022B802D4400ACC2AD /* GroupInvestmentDetailsViewController.xib in Resources */ = {isa = PBXBuildFile; fileRef = A63B4B002B802D4400ACC2AD /* GroupInvestmentDetailsViewController.xib */; };
		A641187C2B713367004046F8 /* OnboardingViewController.swift in Sources */ = {isa = PBXBuildFile; fileRef = A641187A2B713367004046F8 /* OnboardingViewController.swift */; };
		A641187D2B713367004046F8 /* OnboardingViewController.xib in Resources */ = {isa = PBXBuildFile; fileRef = A641187B2B713367004046F8 /* OnboardingViewController.xib */; };
		A642C6252B72138E00E991D2 /* OnboardingFourViewController.swift in Sources */ = {isa = PBXBuildFile; fileRef = A642C6232B72138E00E991D2 /* OnboardingFourViewController.swift */; };
		A642C6262B72138E00E991D2 /* OnboardingFourViewController.xib in Resources */ = {isa = PBXBuildFile; fileRef = A642C6242B72138E00E991D2 /* OnboardingFourViewController.xib */; };
		A642C6292B72197800E991D2 /* OnboardingFiveViewController.swift in Sources */ = {isa = PBXBuildFile; fileRef = A642C6272B72197800E991D2 /* OnboardingFiveViewController.swift */; };
		A642C62A2B72197800E991D2 /* OnboardingFiveViewController.xib in Resources */ = {isa = PBXBuildFile; fileRef = A642C6282B72197800E991D2 /* OnboardingFiveViewController.xib */; };
		A642C62E2B7238CD00E991D2 /* LearnViewController.swift in Sources */ = {isa = PBXBuildFile; fileRef = A642C62C2B7238CD00E991D2 /* LearnViewController.swift */; };
		A642C62F2B7238CD00E991D2 /* LearnViewController.xib in Resources */ = {isa = PBXBuildFile; fileRef = A642C62D2B7238CD00E991D2 /* LearnViewController.xib */; };
		A642C6322B7239C900E991D2 /* LearnTableViewCell.swift in Sources */ = {isa = PBXBuildFile; fileRef = A642C6302B7239C900E991D2 /* LearnTableViewCell.swift */; };
		A642C6332B7239C900E991D2 /* LearnTableViewCell.xib in Resources */ = {isa = PBXBuildFile; fileRef = A642C6312B7239C900E991D2 /* LearnTableViewCell.xib */; };
		A642C6352B723D3E00E991D2 /* LearnModel.swift in Sources */ = {isa = PBXBuildFile; fileRef = A642C6342B723D3E00E991D2 /* LearnModel.swift */; };
		A642C6372B724C9700E991D2 /* ButtonColor.swift in Sources */ = {isa = PBXBuildFile; fileRef = A642C6362B724C9700E991D2 /* ButtonColor.swift */; };
		A642C6392B727F2500E991D2 /* ColorLable.swift in Sources */ = {isa = PBXBuildFile; fileRef = A642C6382B727F2500E991D2 /* ColorLable.swift */; };
		A648D14D2B73C8E800DAA3BE /* Labels.swift in Sources */ = {isa = PBXBuildFile; fileRef = A648D14C2B73C8E800DAA3BE /* Labels.swift */; };
		A64E63062B7A02FD00493E50 /* TrendingCollectionViewCell.swift in Sources */ = {isa = PBXBuildFile; fileRef = A64E63042B7A02FD00493E50 /* TrendingCollectionViewCell.swift */; };
		A64E63072B7A02FD00493E50 /* TrendingCollectionViewCell.xib in Resources */ = {isa = PBXBuildFile; fileRef = A64E63052B7A02FD00493E50 /* TrendingCollectionViewCell.xib */; };
		A64E630E2B7A040700493E50 /* TrendingDataTableViewCell.swift in Sources */ = {isa = PBXBuildFile; fileRef = A64E630C2B7A040700493E50 /* TrendingDataTableViewCell.swift */; };
		A64E630F2B7A040700493E50 /* TrendingDataTableViewCell.xib in Resources */ = {isa = PBXBuildFile; fileRef = A64E630D2B7A040700493E50 /* TrendingDataTableViewCell.xib */; };
		A64E63112B7A057000493E50 /* TredingStocksModel.swift in Sources */ = {isa = PBXBuildFile; fileRef = A64E63102B7A057000493E50 /* TredingStocksModel.swift */; };
		A64E63152B7A203D00493E50 /* PortFolioTableViewCell.swift in Sources */ = {isa = PBXBuildFile; fileRef = A64E63132B7A203D00493E50 /* PortFolioTableViewCell.swift */; };
		A64E63162B7A203D00493E50 /* PortFolioTableViewCell.xib in Resources */ = {isa = PBXBuildFile; fileRef = A64E63142B7A203D00493E50 /* PortFolioTableViewCell.xib */; };
		A64E63192B7A222A00493E50 /* PortFolioDataTableViewCell.swift in Sources */ = {isa = PBXBuildFile; fileRef = A64E63172B7A222A00493E50 /* PortFolioDataTableViewCell.swift */; };
		A64E631A2B7A222A00493E50 /* PortFolioDataTableViewCell.xib in Resources */ = {isa = PBXBuildFile; fileRef = A64E63182B7A222A00493E50 /* PortFolioDataTableViewCell.xib */; };
		A64E631C2B7A232D00493E50 /* PortFolioModel.swift in Sources */ = {isa = PBXBuildFile; fileRef = A64E631B2B7A232D00493E50 /* PortFolioModel.swift */; };
		A64E631F2B7A9CCD00493E50 /* SplashScreenViewController.swift in Sources */ = {isa = PBXBuildFile; fileRef = A64E631D2B7A9CCD00493E50 /* SplashScreenViewController.swift */; };
		A64E63202B7A9CCD00493E50 /* SplashScreenViewController.xib in Resources */ = {isa = PBXBuildFile; fileRef = A64E631E2B7A9CCD00493E50 /* SplashScreenViewController.xib */; };
		A64E63242B7AA2F600493E50 /* SplashSreenCollectionViewCell.swift in Sources */ = {isa = PBXBuildFile; fileRef = A64E63222B7AA2F600493E50 /* SplashSreenCollectionViewCell.swift */; };
		A64E63252B7AA2F600493E50 /* SplashSreenCollectionViewCell.xib in Resources */ = {isa = PBXBuildFile; fileRef = A64E63232B7AA2F600493E50 /* SplashSreenCollectionViewCell.xib */; };
		A64E63272B7AA39A00493E50 /* Splash Model.swift in Sources */ = {isa = PBXBuildFile; fileRef = A64E63262B7AA39A00493E50 /* Splash Model.swift */; };
		A65A256C2B717A1B000EFA3D /* OnboardingSecondViewController.swift in Sources */ = {isa = PBXBuildFile; fileRef = A65A256A2B717A1B000EFA3D /* OnboardingSecondViewController.swift */; };
		A65A256D2B717A1B000EFA3D /* OnboardingSecondViewController.xib in Resources */ = {isa = PBXBuildFile; fileRef = A65A256B2B717A1B000EFA3D /* OnboardingSecondViewController.xib */; };
		A65A25702B719919000EFA3D /* OnboardingThirdViewController.swift in Sources */ = {isa = PBXBuildFile; fileRef = A65A256E2B719919000EFA3D /* OnboardingThirdViewController.swift */; };
		A65A25712B719919000EFA3D /* OnboardingThirdViewController.xib in Resources */ = {isa = PBXBuildFile; fileRef = A65A256F2B719919000EFA3D /* OnboardingThirdViewController.xib */; };
		A65E53DB2B81557E00A0BF39 /* NavigationBarItemColor.swift in Sources */ = {isa = PBXBuildFile; fileRef = A65E53DA2B81557E00A0BF39 /* NavigationBarItemColor.swift */; };
		A66306A22B82992C0001F8BD /* LabelColor.swift in Sources */ = {isa = PBXBuildFile; fileRef = A66306A12B82992C0001F8BD /* LabelColor.swift */; };
		A66306A52B82A7190001F8BD /* Kingfisher in Frameworks */ = {isa = PBXBuildFile; productRef = A66306A42B82A7190001F8BD /* Kingfisher */; };
		A66306A72B82AA500001F8BD /* TrendingStockNetworkCall.swift in Sources */ = {isa = PBXBuildFile; fileRef = A66306A62B82AA500001F8BD /* TrendingStockNetworkCall.swift */; };
		A66306A92B82AB110001F8BD /* TrendingStockViewModel.swift in Sources */ = {isa = PBXBuildFile; fileRef = A66306A82B82AB110001F8BD /* TrendingStockViewModel.swift */; };
		A66306AC2B82BADB0001F8BD /* DIContainer.swift in Sources */ = {isa = PBXBuildFile; fileRef = A66306AB2B82BADB0001F8BD /* DIContainer.swift */; };
		A66657812B741F0400991EF2 /* OTPViewController.swift in Sources */ = {isa = PBXBuildFile; fileRef = A666577F2B741F0400991EF2 /* OTPViewController.swift */; };
		A66657822B741F0400991EF2 /* OTPViewController.xib in Resources */ = {isa = PBXBuildFile; fileRef = A66657802B741F0400991EF2 /* OTPViewController.xib */; };
		A666F07A2B7EB0440042270D /* CustomAlertViewController.swift in Sources */ = {isa = PBXBuildFile; fileRef = A666F0782B7EB0440042270D /* CustomAlertViewController.swift */; };
		A666F07B2B7EB0440042270D /* CustomAlertViewController.xib in Resources */ = {isa = PBXBuildFile; fileRef = A666F0792B7EB0440042270D /* CustomAlertViewController.xib */; };
		A6697CC42B8BD16400D0BB3F /* ALATEcosystemViewController.swift in Sources */ = {isa = PBXBuildFile; fileRef = A6697CC22B8BD16400D0BB3F /* ALATEcosystemViewController.swift */; };
		A6697CC52B8BD16400D0BB3F /* ALATEcosystemViewController.xib in Resources */ = {isa = PBXBuildFile; fileRef = A6697CC32B8BD16400D0BB3F /* ALATEcosystemViewController.xib */; };
		A6697CC82B8BE3DA00D0BB3F /* ALATEcosystemCollectionViewCell.swift in Sources */ = {isa = PBXBuildFile; fileRef = A6697CC62B8BE3DA00D0BB3F /* ALATEcosystemCollectionViewCell.swift */; };
		A6697CC92B8BE3DA00D0BB3F /* ALATEcosystemCollectionViewCell.xib in Resources */ = {isa = PBXBuildFile; fileRef = A6697CC72B8BE3DA00D0BB3F /* ALATEcosystemCollectionViewCell.xib */; };
		A6697CCB2B8BE50F00D0BB3F /* ALATEcosystemCollectionCellModel.swift in Sources */ = {isa = PBXBuildFile; fileRef = A6697CCA2B8BE50F00D0BB3F /* ALATEcosystemCollectionCellModel.swift */; };
		A6697CCF2B8BF6E800D0BB3F /* RaiserViewController.swift in Sources */ = {isa = PBXBuildFile; fileRef = A6697CCD2B8BF6E800D0BB3F /* RaiserViewController.swift */; };
		A6697CD02B8BF6E800D0BB3F /* RaiserViewController.xib in Resources */ = {isa = PBXBuildFile; fileRef = A6697CCE2B8BF6E800D0BB3F /* RaiserViewController.xib */; };
		A6697CD42B8BFDC500D0BB3F /* NewOrExistingUserViewController.swift in Sources */ = {isa = PBXBuildFile; fileRef = A6697CD22B8BFDC500D0BB3F /* NewOrExistingUserViewController.swift */; };
		A6697CD52B8BFDC500D0BB3F /* NewOrExistingUserViewController.xib in Resources */ = {isa = PBXBuildFile; fileRef = A6697CD32B8BFDC500D0BB3F /* NewOrExistingUserViewController.xib */; };
		A66EA9362B8370520006B3B4 /* JoinGroupNetworkCall.swift in Sources */ = {isa = PBXBuildFile; fileRef = A66EA9352B8370520006B3B4 /* JoinGroupNetworkCall.swift */; };
		A66EA9382B8370D30006B3B4 /* JoinGroupViewModel.swift in Sources */ = {isa = PBXBuildFile; fileRef = A66EA9372B8370D30006B3B4 /* JoinGroupViewModel.swift */; };
		A674EEA32B7B4B03007C07FC /* GroupInvestmentViewController.swift in Sources */ = {isa = PBXBuildFile; fileRef = A674EEA12B7B4B03007C07FC /* GroupInvestmentViewController.swift */; };
		A674EEA42B7B4B03007C07FC /* GroupInvestmentViewController.xib in Resources */ = {isa = PBXBuildFile; fileRef = A674EEA22B7B4B03007C07FC /* GroupInvestmentViewController.xib */; };
		A6853FC92B77CB4A00011806 /* TogglePassword.swift in Sources */ = {isa = PBXBuildFile; fileRef = A6853FC82B77CB4A00011806 /* TogglePassword.swift */; };
		A6853FCB2B78008700011806 /* TextColor.swift in Sources */ = {isa = PBXBuildFile; fileRef = A6853FCA2B78008700011806 /* TextColor.swift */; };
		A687BA482B76ACA500274B14 /* ViewPushClass.swift in Sources */ = {isa = PBXBuildFile; fileRef = A687BA472B76ACA500274B14 /* ViewPushClass.swift */; };
		A6A1ACCB2B85DDF00097E7D3 /* PortFolioNetworkCall.swift in Sources */ = {isa = PBXBuildFile; fileRef = A6A1ACCA2B85DDF00097E7D3 /* PortFolioNetworkCall.swift */; };
		A6A1ACCD2B85DEAB0097E7D3 /* PortFolioViewModel.swift in Sources */ = {isa = PBXBuildFile; fileRef = A6A1ACCC2B85DEAB0097E7D3 /* PortFolioViewModel.swift */; };
		A6AEDAFD2B86E5F300110C18 /* View Skip.swift in Sources */ = {isa = PBXBuildFile; fileRef = A6AEDAFC2B86E5F300110C18 /* View Skip.swift */; };
		A6B743032B794D5300E2D6A4 /* TrendingAndPortfolioCollectionViewCell.swift in Sources */ = {isa = PBXBuildFile; fileRef = A6B743012B794D5300E2D6A4 /* TrendingAndPortfolioCollectionViewCell.swift */; };
		A6B743042B794D5300E2D6A4 /* TrendingAndPortfolioCollectionViewCell.xib in Resources */ = {isa = PBXBuildFile; fileRef = A6B743022B794D5300E2D6A4 /* TrendingAndPortfolioCollectionViewCell.xib */; };
		A6B743062B794DE700E2D6A4 /* TrendingAndPortfolioModel.swift in Sources */ = {isa = PBXBuildFile; fileRef = A6B743052B794DE700E2D6A4 /* TrendingAndPortfolioModel.swift */; };
		A6C7B40B2B736C56009B0059 /* HomeViewController.swift in Sources */ = {isa = PBXBuildFile; fileRef = A6C7B4092B736C56009B0059 /* HomeViewController.swift */; };
		A6C7B40C2B736C56009B0059 /* HomeViewController.xib in Resources */ = {isa = PBXBuildFile; fileRef = A6C7B40A2B736C56009B0059 /* HomeViewController.xib */; };
		A6C7B4102B738040009B0059 /* HomeTopCollectionViewCell.swift in Sources */ = {isa = PBXBuildFile; fileRef = A6C7B40E2B738040009B0059 /* HomeTopCollectionViewCell.swift */; };
		A6C7B4112B738040009B0059 /* HomeTopCollectionViewCell.xib in Resources */ = {isa = PBXBuildFile; fileRef = A6C7B40F2B738040009B0059 /* HomeTopCollectionViewCell.xib */; };
		A6C7B4132B738151009B0059 /* HomeTopModel.swift in Sources */ = {isa = PBXBuildFile; fileRef = A6C7B4122B738151009B0059 /* HomeTopModel.swift */; };
		A6C7B4182B7391A7009B0059 /* VerificationCollectionViewCell.swift in Sources */ = {isa = PBXBuildFile; fileRef = A6C7B4162B7391A7009B0059 /* VerificationCollectionViewCell.swift */; };
		A6C7B4192B7391A7009B0059 /* VerificationCollectionViewCell.xib in Resources */ = {isa = PBXBuildFile; fileRef = A6C7B4172B7391A7009B0059 /* VerificationCollectionViewCell.xib */; };
		A6C7B41C2B73956D009B0059 /* TabViewController.swift in Sources */ = {isa = PBXBuildFile; fileRef = A6C7B41B2B73956D009B0059 /* TabViewController.swift */; };
		A6C7B4212B73979B009B0059 /* AnalyzeViewController.swift in Sources */ = {isa = PBXBuildFile; fileRef = A6C7B41F2B73979B009B0059 /* AnalyzeViewController.swift */; };
		A6C7B4222B73979B009B0059 /* AnalyzeViewController.xib in Resources */ = {isa = PBXBuildFile; fileRef = A6C7B4202B73979B009B0059 /* AnalyzeViewController.xib */; };
		A6C7B4252B7397AE009B0059 /* InvestmentViewController.swift in Sources */ = {isa = PBXBuildFile; fileRef = A6C7B4232B7397AE009B0059 /* InvestmentViewController.swift */; };
		A6C7B4262B7397AE009B0059 /* InvestmentViewController.xib in Resources */ = {isa = PBXBuildFile; fileRef = A6C7B4242B7397AE009B0059 /* InvestmentViewController.xib */; };
		A6DE974E2B84E213008EBCC6 /* ROIModel.swift in Sources */ = {isa = PBXBuildFile; fileRef = A6DE974D2B84E213008EBCC6 /* ROIModel.swift */; };
		A6DE97502B84E2B8008EBCC6 /* ROINetworkCall.swift in Sources */ = {isa = PBXBuildFile; fileRef = A6DE974F2B84E2B8008EBCC6 /* ROINetworkCall.swift */; };
		A6DE97522B84E3BF008EBCC6 /* ROIViewModel.swift in Sources */ = {isa = PBXBuildFile; fileRef = A6DE97512B84E3BF008EBCC6 /* ROIViewModel.swift */; };
		A6E727662B71078E00798D9B /* ResetPasswordViewController.swift in Sources */ = {isa = PBXBuildFile; fileRef = A6E727642B71078E00798D9B /* ResetPasswordViewController.swift */; };
		A6E727672B71078F00798D9B /* ResetPasswordViewController.xib in Resources */ = {isa = PBXBuildFile; fileRef = A6E727652B71078E00798D9B /* ResetPasswordViewController.xib */; };
		A6E7276B2B710DF200798D9B /* SignUpViewController.swift in Sources */ = {isa = PBXBuildFile; fileRef = A6E727692B710DF200798D9B /* SignUpViewController.swift */; };
		A6E7276C2B710DF200798D9B /* SignUpViewController.xib in Resources */ = {isa = PBXBuildFile; fileRef = A6E7276A2B710DF200798D9B /* SignUpViewController.xib */; };
		A6F7414D2B7C9F5700E1C9A5 /* LearnNavigation.xib in Resources */ = {isa = PBXBuildFile; fileRef = A6F7414C2B7C9F5700E1C9A5 /* LearnNavigation.xib */; };
		A6F7414F2B7CABAE00E1C9A5 /* LearnNavigation.swift in Sources */ = {isa = PBXBuildFile; fileRef = A6F7414E2B7CABAE00E1C9A5 /* LearnNavigation.swift */; };
		A6F741512B7CCB1600E1C9A5 /* NavigationBar.swift in Sources */ = {isa = PBXBuildFile; fileRef = A6F741502B7CCB1600E1C9A5 /* NavigationBar.swift */; };
		A6F741542B7CF9A800E1C9A5 /* JoinGroupViewController.swift in Sources */ = {isa = PBXBuildFile; fileRef = A6F741522B7CF9A800E1C9A5 /* JoinGroupViewController.swift */; };
		A6F741552B7CF9A800E1C9A5 /* JoinGroupViewController.xib in Resources */ = {isa = PBXBuildFile; fileRef = A6F741532B7CF9A800E1C9A5 /* JoinGroupViewController.xib */; };
		A6F7415C2B7CFA6000E1C9A5 /* JoinGroupTableViewCell.swift in Sources */ = {isa = PBXBuildFile; fileRef = A6F7415A2B7CFA6000E1C9A5 /* JoinGroupTableViewCell.swift */; };
		A6F7415D2B7CFA6000E1C9A5 /* JoinGroupTableViewCell.xib in Resources */ = {isa = PBXBuildFile; fileRef = A6F7415B2B7CFA6000E1C9A5 /* JoinGroupTableViewCell.xib */; };
		A6F7415F2B7D030500E1C9A5 /* JoinGroupModel.swift in Sources */ = {isa = PBXBuildFile; fileRef = A6F7415E2B7D030500E1C9A5 /* JoinGroupModel.swift */; };
		A6FF57792B760D82004D3841 /* LoginModel.swift in Sources */ = {isa = PBXBuildFile; fileRef = A6FF57782B760D82004D3841 /* LoginModel.swift */; };
		A6FF577B2B760F27004D3841 /* LoginNetworkCall.swift in Sources */ = {isa = PBXBuildFile; fileRef = A6FF577A2B760F27004D3841 /* LoginNetworkCall.swift */; };
		A6FF577D2B760F92004D3841 /* LoginViewModel.swift in Sources */ = {isa = PBXBuildFile; fileRef = A6FF577C2B760F92004D3841 /* LoginViewModel.swift */; };
		A6FF57802B76362F004D3841 /* CategoryCollectionViewCell.swift in Sources */ = {isa = PBXBuildFile; fileRef = A6FF577E2B76362F004D3841 /* CategoryCollectionViewCell.swift */; };
		A6FF57812B76362F004D3841 /* CategoryCollectionViewCell.xib in Resources */ = {isa = PBXBuildFile; fileRef = A6FF577F2B76362F004D3841 /* CategoryCollectionViewCell.xib */; };
		A6FF57832B763753004D3841 /* AgroModel.swift in Sources */ = {isa = PBXBuildFile; fileRef = A6FF57822B763753004D3841 /* AgroModel.swift */; };
		A6FF57852B76562B004D3841 /* KeyboardUtility.swift in Sources */ = {isa = PBXBuildFile; fileRef = A6FF57842B76562B004D3841 /* KeyboardUtility.swift */; };
/* End PBXBuildFile section */

/* Begin PBXFileReference section */
		A616E9DC2B80E95E0035BECA /* KeychainHelperClass.swift */ = {isa = PBXFileReference; lastKnownFileType = sourcecode.swift; path = KeychainHelperClass.swift; sourceTree = "<group>"; };
		A62996222B74C0C80074EBF1 /* NetworkCall.swift */ = {isa = PBXFileReference; lastKnownFileType = sourcecode.swift; path = NetworkCall.swift; sourceTree = "<group>"; };
		A62996242B74C2060074EBF1 /* registrationModel.swift */ = {isa = PBXFileReference; lastKnownFileType = sourcecode.swift; path = registrationModel.swift; sourceTree = "<group>"; };
		A62996262B74C3260074EBF1 /* RegistrationViewModel.swift */ = {isa = PBXFileReference; lastKnownFileType = sourcecode.swift; path = RegistrationViewModel.swift; sourceTree = "<group>"; };
		A62996282B74F5D90074EBF1 /* OTPVerificationModel.swift */ = {isa = PBXFileReference; lastKnownFileType = sourcecode.swift; path = OTPVerificationModel.swift; sourceTree = "<group>"; };
		A629962A2B74F69D0074EBF1 /* OTPViewModel.swift */ = {isa = PBXFileReference; lastKnownFileType = sourcecode.swift; path = OTPViewModel.swift; sourceTree = "<group>"; };
		A629962C2B74F8CC0074EBF1 /* OTPNetworkCall.swift */ = {isa = PBXFileReference; lastKnownFileType = sourcecode.swift; path = OTPNetworkCall.swift; sourceTree = "<group>"; };
		A62996312B7571F50074EBF1 /* VerificationUpdatesModel.swift */ = {isa = PBXFileReference; lastKnownFileType = sourcecode.swift; path = VerificationUpdatesModel.swift; sourceTree = "<group>"; };
		A629963E2B759DFA0074EBF1 /* RecommendationCollectionViewCell.swift */ = {isa = PBXFileReference; lastKnownFileType = sourcecode.swift; path = RecommendationCollectionViewCell.swift; sourceTree = "<group>"; };
		A629963F2B759DFA0074EBF1 /* RecommendationCollectionViewCell.xib */ = {isa = PBXFileReference; lastKnownFileType = file.xib; path = RecommendationCollectionViewCell.xib; sourceTree = "<group>"; };
		A62C2ECD2B70E1A8009761CD /* InvestmentApp.app */ = {isa = PBXFileReference; explicitFileType = wrapper.application; includeInIndex = 0; path = InvestmentApp.app; sourceTree = BUILT_PRODUCTS_DIR; };
		A62C2ED02B70E1A8009761CD /* AppDelegate.swift */ = {isa = PBXFileReference; lastKnownFileType = sourcecode.swift; path = AppDelegate.swift; sourceTree = "<group>"; };
		A62C2ED22B70E1A8009761CD /* SceneDelegate.swift */ = {isa = PBXFileReference; lastKnownFileType = sourcecode.swift; path = SceneDelegate.swift; sourceTree = "<group>"; };
		A62C2ED92B70E1A9009761CD /* Assets.xcassets */ = {isa = PBXFileReference; lastKnownFileType = folder.assetcatalog; path = Assets.xcassets; sourceTree = "<group>"; };
		A62C2EDE2B70E1A9009761CD /* Info.plist */ = {isa = PBXFileReference; lastKnownFileType = text.plist.xml; path = Info.plist; sourceTree = "<group>"; };
		A62C2EE62B70E5EF009761CD /* LoginPageViewController.swift */ = {isa = PBXFileReference; lastKnownFileType = sourcecode.swift; path = LoginPageViewController.swift; sourceTree = "<group>"; };
		A62C2EE72B70E5EF009761CD /* LoginPageViewController.xib */ = {isa = PBXFileReference; lastKnownFileType = file.xib; path = LoginPageViewController.xib; sourceTree = "<group>"; };
		A63B4AF52B7F888500ACC2AD /* RecommendationModel.swift */ = {isa = PBXFileReference; lastKnownFileType = sourcecode.swift; path = RecommendationModel.swift; sourceTree = "<group>"; };
		A63B4AF72B800A8A00ACC2AD /* InvestmentCollectionViewCell.swift */ = {isa = PBXFileReference; lastKnownFileType = sourcecode.swift; path = InvestmentCollectionViewCell.swift; sourceTree = "<group>"; };
		A63B4AF82B800A8A00ACC2AD /* InvestmentCollectionViewCell.xib */ = {isa = PBXFileReference; lastKnownFileType = file.xib; path = InvestmentCollectionViewCell.xib; sourceTree = "<group>"; };
		A63B4AFB2B80102D00ACC2AD /* AboutCollectionViewCell.swift */ = {isa = PBXFileReference; lastKnownFileType = sourcecode.swift; path = AboutCollectionViewCell.swift; sourceTree = "<group>"; };
		A63B4AFC2B80102D00ACC2AD /* AboutCollectionViewCell.xib */ = {isa = PBXFileReference; lastKnownFileType = file.xib; path = AboutCollectionViewCell.xib; sourceTree = "<group>"; };
		A63B4AFF2B802D4400ACC2AD /* GroupInvestmentDetailsViewController.swift */ = {isa = PBXFileReference; lastKnownFileType = sourcecode.swift; path = GroupInvestmentDetailsViewController.swift; sourceTree = "<group>"; };
		A63B4B002B802D4400ACC2AD /* GroupInvestmentDetailsViewController.xib */ = {isa = PBXFileReference; lastKnownFileType = file.xib; path = GroupInvestmentDetailsViewController.xib; sourceTree = "<group>"; };
		A641187A2B713367004046F8 /* OnboardingViewController.swift */ = {isa = PBXFileReference; lastKnownFileType = sourcecode.swift; path = OnboardingViewController.swift; sourceTree = "<group>"; };
		A641187B2B713367004046F8 /* OnboardingViewController.xib */ = {isa = PBXFileReference; lastKnownFileType = file.xib; path = OnboardingViewController.xib; sourceTree = "<group>"; };
		A642C6232B72138E00E991D2 /* OnboardingFourViewController.swift */ = {isa = PBXFileReference; lastKnownFileType = sourcecode.swift; path = OnboardingFourViewController.swift; sourceTree = "<group>"; };
		A642C6242B72138E00E991D2 /* OnboardingFourViewController.xib */ = {isa = PBXFileReference; lastKnownFileType = file.xib; path = OnboardingFourViewController.xib; sourceTree = "<group>"; };
		A642C6272B72197800E991D2 /* OnboardingFiveViewController.swift */ = {isa = PBXFileReference; lastKnownFileType = sourcecode.swift; path = OnboardingFiveViewController.swift; sourceTree = "<group>"; };
		A642C6282B72197800E991D2 /* OnboardingFiveViewController.xib */ = {isa = PBXFileReference; lastKnownFileType = file.xib; path = OnboardingFiveViewController.xib; sourceTree = "<group>"; };
		A642C62C2B7238CD00E991D2 /* LearnViewController.swift */ = {isa = PBXFileReference; lastKnownFileType = sourcecode.swift; path = LearnViewController.swift; sourceTree = "<group>"; };
		A642C62D2B7238CD00E991D2 /* LearnViewController.xib */ = {isa = PBXFileReference; lastKnownFileType = file.xib; path = LearnViewController.xib; sourceTree = "<group>"; };
		A642C6302B7239C900E991D2 /* LearnTableViewCell.swift */ = {isa = PBXFileReference; lastKnownFileType = sourcecode.swift; path = LearnTableViewCell.swift; sourceTree = "<group>"; };
		A642C6312B7239C900E991D2 /* LearnTableViewCell.xib */ = {isa = PBXFileReference; lastKnownFileType = file.xib; path = LearnTableViewCell.xib; sourceTree = "<group>"; };
		A642C6342B723D3E00E991D2 /* LearnModel.swift */ = {isa = PBXFileReference; lastKnownFileType = sourcecode.swift; path = LearnModel.swift; sourceTree = "<group>"; };
		A642C6362B724C9700E991D2 /* ButtonColor.swift */ = {isa = PBXFileReference; lastKnownFileType = sourcecode.swift; path = ButtonColor.swift; sourceTree = "<group>"; };
		A642C6382B727F2500E991D2 /* ColorLable.swift */ = {isa = PBXFileReference; lastKnownFileType = sourcecode.swift; path = ColorLable.swift; sourceTree = "<group>"; };
		A648D14C2B73C8E800DAA3BE /* Labels.swift */ = {isa = PBXFileReference; lastKnownFileType = sourcecode.swift; path = Labels.swift; sourceTree = "<group>"; };
		A64E63042B7A02FD00493E50 /* TrendingCollectionViewCell.swift */ = {isa = PBXFileReference; lastKnownFileType = sourcecode.swift; path = TrendingCollectionViewCell.swift; sourceTree = "<group>"; };
		A64E63052B7A02FD00493E50 /* TrendingCollectionViewCell.xib */ = {isa = PBXFileReference; lastKnownFileType = file.xib; path = TrendingCollectionViewCell.xib; sourceTree = "<group>"; };
		A64E630C2B7A040700493E50 /* TrendingDataTableViewCell.swift */ = {isa = PBXFileReference; lastKnownFileType = sourcecode.swift; path = TrendingDataTableViewCell.swift; sourceTree = "<group>"; };
		A64E630D2B7A040700493E50 /* TrendingDataTableViewCell.xib */ = {isa = PBXFileReference; lastKnownFileType = file.xib; path = TrendingDataTableViewCell.xib; sourceTree = "<group>"; };
		A64E63102B7A057000493E50 /* TredingStocksModel.swift */ = {isa = PBXFileReference; lastKnownFileType = sourcecode.swift; path = TredingStocksModel.swift; sourceTree = "<group>"; };
		A64E63132B7A203D00493E50 /* PortFolioTableViewCell.swift */ = {isa = PBXFileReference; lastKnownFileType = sourcecode.swift; path = PortFolioTableViewCell.swift; sourceTree = "<group>"; };
		A64E63142B7A203D00493E50 /* PortFolioTableViewCell.xib */ = {isa = PBXFileReference; lastKnownFileType = file.xib; path = PortFolioTableViewCell.xib; sourceTree = "<group>"; };
		A64E63172B7A222A00493E50 /* PortFolioDataTableViewCell.swift */ = {isa = PBXFileReference; lastKnownFileType = sourcecode.swift; path = PortFolioDataTableViewCell.swift; sourceTree = "<group>"; };
		A64E63182B7A222A00493E50 /* PortFolioDataTableViewCell.xib */ = {isa = PBXFileReference; lastKnownFileType = file.xib; path = PortFolioDataTableViewCell.xib; sourceTree = "<group>"; };
		A64E631B2B7A232D00493E50 /* PortFolioModel.swift */ = {isa = PBXFileReference; lastKnownFileType = sourcecode.swift; path = PortFolioModel.swift; sourceTree = "<group>"; };
		A64E631D2B7A9CCD00493E50 /* SplashScreenViewController.swift */ = {isa = PBXFileReference; lastKnownFileType = sourcecode.swift; path = SplashScreenViewController.swift; sourceTree = "<group>"; };
		A64E631E2B7A9CCD00493E50 /* SplashScreenViewController.xib */ = {isa = PBXFileReference; lastKnownFileType = file.xib; path = SplashScreenViewController.xib; sourceTree = "<group>"; };
		A64E63222B7AA2F600493E50 /* SplashSreenCollectionViewCell.swift */ = {isa = PBXFileReference; lastKnownFileType = sourcecode.swift; path = SplashSreenCollectionViewCell.swift; sourceTree = "<group>"; };
		A64E63232B7AA2F600493E50 /* SplashSreenCollectionViewCell.xib */ = {isa = PBXFileReference; lastKnownFileType = file.xib; path = SplashSreenCollectionViewCell.xib; sourceTree = "<group>"; };
		A64E63262B7AA39A00493E50 /* Splash Model.swift */ = {isa = PBXFileReference; lastKnownFileType = sourcecode.swift; path = "Splash Model.swift"; sourceTree = "<group>"; };
		A65A256A2B717A1B000EFA3D /* OnboardingSecondViewController.swift */ = {isa = PBXFileReference; lastKnownFileType = sourcecode.swift; path = OnboardingSecondViewController.swift; sourceTree = "<group>"; };
		A65A256B2B717A1B000EFA3D /* OnboardingSecondViewController.xib */ = {isa = PBXFileReference; lastKnownFileType = file.xib; path = OnboardingSecondViewController.xib; sourceTree = "<group>"; };
		A65A256E2B719919000EFA3D /* OnboardingThirdViewController.swift */ = {isa = PBXFileReference; lastKnownFileType = sourcecode.swift; path = OnboardingThirdViewController.swift; sourceTree = "<group>"; };
		A65A256F2B719919000EFA3D /* OnboardingThirdViewController.xib */ = {isa = PBXFileReference; lastKnownFileType = file.xib; path = OnboardingThirdViewController.xib; sourceTree = "<group>"; };
		A65E53DA2B81557E00A0BF39 /* NavigationBarItemColor.swift */ = {isa = PBXFileReference; lastKnownFileType = sourcecode.swift; path = NavigationBarItemColor.swift; sourceTree = "<group>"; };
		A66306A12B82992C0001F8BD /* LabelColor.swift */ = {isa = PBXFileReference; lastKnownFileType = sourcecode.swift; path = LabelColor.swift; sourceTree = "<group>"; };
		A66306A62B82AA500001F8BD /* TrendingStockNetworkCall.swift */ = {isa = PBXFileReference; lastKnownFileType = sourcecode.swift; path = TrendingStockNetworkCall.swift; sourceTree = "<group>"; };
		A66306A82B82AB110001F8BD /* TrendingStockViewModel.swift */ = {isa = PBXFileReference; lastKnownFileType = sourcecode.swift; path = TrendingStockViewModel.swift; sourceTree = "<group>"; };
		A66306AB2B82BADB0001F8BD /* DIContainer.swift */ = {isa = PBXFileReference; lastKnownFileType = sourcecode.swift; path = DIContainer.swift; sourceTree = "<group>"; };
		A666577F2B741F0400991EF2 /* OTPViewController.swift */ = {isa = PBXFileReference; lastKnownFileType = sourcecode.swift; path = OTPViewController.swift; sourceTree = "<group>"; };
		A66657802B741F0400991EF2 /* OTPViewController.xib */ = {isa = PBXFileReference; lastKnownFileType = file.xib; path = OTPViewController.xib; sourceTree = "<group>"; };
		A666F0782B7EB0440042270D /* CustomAlertViewController.swift */ = {isa = PBXFileReference; lastKnownFileType = sourcecode.swift; path = CustomAlertViewController.swift; sourceTree = "<group>"; };
		A666F0792B7EB0440042270D /* CustomAlertViewController.xib */ = {isa = PBXFileReference; lastKnownFileType = file.xib; path = CustomAlertViewController.xib; sourceTree = "<group>"; };
		A6697CC22B8BD16400D0BB3F /* ALATEcosystemViewController.swift */ = {isa = PBXFileReference; lastKnownFileType = sourcecode.swift; path = ALATEcosystemViewController.swift; sourceTree = "<group>"; };
		A6697CC32B8BD16400D0BB3F /* ALATEcosystemViewController.xib */ = {isa = PBXFileReference; lastKnownFileType = file.xib; path = ALATEcosystemViewController.xib; sourceTree = "<group>"; };
		A6697CC62B8BE3DA00D0BB3F /* ALATEcosystemCollectionViewCell.swift */ = {isa = PBXFileReference; lastKnownFileType = sourcecode.swift; path = ALATEcosystemCollectionViewCell.swift; sourceTree = "<group>"; };
		A6697CC72B8BE3DA00D0BB3F /* ALATEcosystemCollectionViewCell.xib */ = {isa = PBXFileReference; lastKnownFileType = file.xib; path = ALATEcosystemCollectionViewCell.xib; sourceTree = "<group>"; };
		A6697CCA2B8BE50F00D0BB3F /* ALATEcosystemCollectionCellModel.swift */ = {isa = PBXFileReference; lastKnownFileType = sourcecode.swift; path = ALATEcosystemCollectionCellModel.swift; sourceTree = "<group>"; };
		A6697CCD2B8BF6E800D0BB3F /* RaiserViewController.swift */ = {isa = PBXFileReference; lastKnownFileType = sourcecode.swift; path = RaiserViewController.swift; sourceTree = "<group>"; };
		A6697CCE2B8BF6E800D0BB3F /* RaiserViewController.xib */ = {isa = PBXFileReference; lastKnownFileType = file.xib; path = RaiserViewController.xib; sourceTree = "<group>"; };
		A6697CD22B8BFDC500D0BB3F /* NewOrExistingUserViewController.swift */ = {isa = PBXFileReference; lastKnownFileType = sourcecode.swift; path = NewOrExistingUserViewController.swift; sourceTree = "<group>"; };
		A6697CD32B8BFDC500D0BB3F /* NewOrExistingUserViewController.xib */ = {isa = PBXFileReference; lastKnownFileType = file.xib; path = NewOrExistingUserViewController.xib; sourceTree = "<group>"; };
		A66EA9352B8370520006B3B4 /* JoinGroupNetworkCall.swift */ = {isa = PBXFileReference; lastKnownFileType = sourcecode.swift; path = JoinGroupNetworkCall.swift; sourceTree = "<group>"; };
		A66EA9372B8370D30006B3B4 /* JoinGroupViewModel.swift */ = {isa = PBXFileReference; lastKnownFileType = sourcecode.swift; path = JoinGroupViewModel.swift; sourceTree = "<group>"; };
		A674EEA12B7B4B03007C07FC /* GroupInvestmentViewController.swift */ = {isa = PBXFileReference; lastKnownFileType = sourcecode.swift; path = GroupInvestmentViewController.swift; sourceTree = "<group>"; };
		A674EEA22B7B4B03007C07FC /* GroupInvestmentViewController.xib */ = {isa = PBXFileReference; lastKnownFileType = file.xib; path = GroupInvestmentViewController.xib; sourceTree = "<group>"; };
		A6853FC82B77CB4A00011806 /* TogglePassword.swift */ = {isa = PBXFileReference; lastKnownFileType = sourcecode.swift; path = TogglePassword.swift; sourceTree = "<group>"; };
		A6853FCA2B78008700011806 /* TextColor.swift */ = {isa = PBXFileReference; lastKnownFileType = sourcecode.swift; path = TextColor.swift; sourceTree = "<group>"; };
		A687BA472B76ACA500274B14 /* ViewPushClass.swift */ = {isa = PBXFileReference; lastKnownFileType = sourcecode.swift; path = ViewPushClass.swift; sourceTree = "<group>"; };
		A6A1ACCA2B85DDF00097E7D3 /* PortFolioNetworkCall.swift */ = {isa = PBXFileReference; lastKnownFileType = sourcecode.swift; path = PortFolioNetworkCall.swift; sourceTree = "<group>"; };
		A6A1ACCC2B85DEAB0097E7D3 /* PortFolioViewModel.swift */ = {isa = PBXFileReference; lastKnownFileType = sourcecode.swift; path = PortFolioViewModel.swift; sourceTree = "<group>"; };
		A6AEDAFC2B86E5F300110C18 /* View Skip.swift */ = {isa = PBXFileReference; lastKnownFileType = sourcecode.swift; path = "View Skip.swift"; sourceTree = "<group>"; };
		A6B743012B794D5300E2D6A4 /* TrendingAndPortfolioCollectionViewCell.swift */ = {isa = PBXFileReference; lastKnownFileType = sourcecode.swift; path = TrendingAndPortfolioCollectionViewCell.swift; sourceTree = "<group>"; };
		A6B743022B794D5300E2D6A4 /* TrendingAndPortfolioCollectionViewCell.xib */ = {isa = PBXFileReference; lastKnownFileType = file.xib; path = TrendingAndPortfolioCollectionViewCell.xib; sourceTree = "<group>"; };
		A6B743052B794DE700E2D6A4 /* TrendingAndPortfolioModel.swift */ = {isa = PBXFileReference; lastKnownFileType = sourcecode.swift; path = TrendingAndPortfolioModel.swift; sourceTree = "<group>"; };
		A6C7B4092B736C56009B0059 /* HomeViewController.swift */ = {isa = PBXFileReference; lastKnownFileType = sourcecode.swift; path = HomeViewController.swift; sourceTree = "<group>"; };
		A6C7B40A2B736C56009B0059 /* HomeViewController.xib */ = {isa = PBXFileReference; lastKnownFileType = file.xib; path = HomeViewController.xib; sourceTree = "<group>"; };
		A6C7B40E2B738040009B0059 /* HomeTopCollectionViewCell.swift */ = {isa = PBXFileReference; lastKnownFileType = sourcecode.swift; path = HomeTopCollectionViewCell.swift; sourceTree = "<group>"; };
		A6C7B40F2B738040009B0059 /* HomeTopCollectionViewCell.xib */ = {isa = PBXFileReference; lastKnownFileType = file.xib; path = HomeTopCollectionViewCell.xib; sourceTree = "<group>"; };
		A6C7B4122B738151009B0059 /* HomeTopModel.swift */ = {isa = PBXFileReference; lastKnownFileType = sourcecode.swift; path = HomeTopModel.swift; sourceTree = "<group>"; };
		A6C7B4162B7391A7009B0059 /* VerificationCollectionViewCell.swift */ = {isa = PBXFileReference; lastKnownFileType = sourcecode.swift; path = VerificationCollectionViewCell.swift; sourceTree = "<group>"; };
		A6C7B4172B7391A7009B0059 /* VerificationCollectionViewCell.xib */ = {isa = PBXFileReference; lastKnownFileType = file.xib; path = VerificationCollectionViewCell.xib; sourceTree = "<group>"; };
		A6C7B41B2B73956D009B0059 /* TabViewController.swift */ = {isa = PBXFileReference; lastKnownFileType = sourcecode.swift; path = TabViewController.swift; sourceTree = "<group>"; };
		A6C7B41F2B73979B009B0059 /* AnalyzeViewController.swift */ = {isa = PBXFileReference; lastKnownFileType = sourcecode.swift; path = AnalyzeViewController.swift; sourceTree = "<group>"; };
		A6C7B4202B73979B009B0059 /* AnalyzeViewController.xib */ = {isa = PBXFileReference; lastKnownFileType = file.xib; path = AnalyzeViewController.xib; sourceTree = "<group>"; };
		A6C7B4232B7397AE009B0059 /* InvestmentViewController.swift */ = {isa = PBXFileReference; lastKnownFileType = sourcecode.swift; path = InvestmentViewController.swift; sourceTree = "<group>"; };
		A6C7B4242B7397AE009B0059 /* InvestmentViewController.xib */ = {isa = PBXFileReference; lastKnownFileType = file.xib; path = InvestmentViewController.xib; sourceTree = "<group>"; };
		A6DE974D2B84E213008EBCC6 /* ROIModel.swift */ = {isa = PBXFileReference; lastKnownFileType = sourcecode.swift; path = ROIModel.swift; sourceTree = "<group>"; };
		A6DE974F2B84E2B8008EBCC6 /* ROINetworkCall.swift */ = {isa = PBXFileReference; lastKnownFileType = sourcecode.swift; path = ROINetworkCall.swift; sourceTree = "<group>"; };
		A6DE97512B84E3BF008EBCC6 /* ROIViewModel.swift */ = {isa = PBXFileReference; lastKnownFileType = sourcecode.swift; path = ROIViewModel.swift; sourceTree = "<group>"; };
		A6E727642B71078E00798D9B /* ResetPasswordViewController.swift */ = {isa = PBXFileReference; lastKnownFileType = sourcecode.swift; path = ResetPasswordViewController.swift; sourceTree = "<group>"; };
		A6E727652B71078E00798D9B /* ResetPasswordViewController.xib */ = {isa = PBXFileReference; lastKnownFileType = file.xib; path = ResetPasswordViewController.xib; sourceTree = "<group>"; };
		A6E727692B710DF200798D9B /* SignUpViewController.swift */ = {isa = PBXFileReference; lastKnownFileType = sourcecode.swift; path = SignUpViewController.swift; sourceTree = "<group>"; };
		A6E7276A2B710DF200798D9B /* SignUpViewController.xib */ = {isa = PBXFileReference; lastKnownFileType = file.xib; path = SignUpViewController.xib; sourceTree = "<group>"; };
		A6F7414C2B7C9F5700E1C9A5 /* LearnNavigation.xib */ = {isa = PBXFileReference; lastKnownFileType = file.xib; path = LearnNavigation.xib; sourceTree = "<group>"; };
		A6F7414E2B7CABAE00E1C9A5 /* LearnNavigation.swift */ = {isa = PBXFileReference; lastKnownFileType = sourcecode.swift; path = LearnNavigation.swift; sourceTree = "<group>"; };
		A6F741502B7CCB1600E1C9A5 /* NavigationBar.swift */ = {isa = PBXFileReference; lastKnownFileType = sourcecode.swift; path = NavigationBar.swift; sourceTree = "<group>"; };
		A6F741522B7CF9A800E1C9A5 /* JoinGroupViewController.swift */ = {isa = PBXFileReference; lastKnownFileType = sourcecode.swift; path = JoinGroupViewController.swift; sourceTree = "<group>"; };
		A6F741532B7CF9A800E1C9A5 /* JoinGroupViewController.xib */ = {isa = PBXFileReference; lastKnownFileType = file.xib; path = JoinGroupViewController.xib; sourceTree = "<group>"; };
		A6F7415A2B7CFA6000E1C9A5 /* JoinGroupTableViewCell.swift */ = {isa = PBXFileReference; lastKnownFileType = sourcecode.swift; path = JoinGroupTableViewCell.swift; sourceTree = "<group>"; };
		A6F7415B2B7CFA6000E1C9A5 /* JoinGroupTableViewCell.xib */ = {isa = PBXFileReference; lastKnownFileType = file.xib; path = JoinGroupTableViewCell.xib; sourceTree = "<group>"; };
		A6F7415E2B7D030500E1C9A5 /* JoinGroupModel.swift */ = {isa = PBXFileReference; lastKnownFileType = sourcecode.swift; path = JoinGroupModel.swift; sourceTree = "<group>"; };
		A6FF57782B760D82004D3841 /* LoginModel.swift */ = {isa = PBXFileReference; lastKnownFileType = sourcecode.swift; path = LoginModel.swift; sourceTree = "<group>"; };
		A6FF577A2B760F27004D3841 /* LoginNetworkCall.swift */ = {isa = PBXFileReference; lastKnownFileType = sourcecode.swift; path = LoginNetworkCall.swift; sourceTree = "<group>"; };
		A6FF577C2B760F92004D3841 /* LoginViewModel.swift */ = {isa = PBXFileReference; lastKnownFileType = sourcecode.swift; path = LoginViewModel.swift; sourceTree = "<group>"; };
		A6FF577E2B76362F004D3841 /* CategoryCollectionViewCell.swift */ = {isa = PBXFileReference; lastKnownFileType = sourcecode.swift; path = CategoryCollectionViewCell.swift; sourceTree = "<group>"; };
		A6FF577F2B76362F004D3841 /* CategoryCollectionViewCell.xib */ = {isa = PBXFileReference; lastKnownFileType = file.xib; path = CategoryCollectionViewCell.xib; sourceTree = "<group>"; };
		A6FF57822B763753004D3841 /* AgroModel.swift */ = {isa = PBXFileReference; lastKnownFileType = sourcecode.swift; path = AgroModel.swift; sourceTree = "<group>"; };
		A6FF57842B76562B004D3841 /* KeyboardUtility.swift */ = {isa = PBXFileReference; lastKnownFileType = sourcecode.swift; path = KeyboardUtility.swift; sourceTree = "<group>"; };
/* End PBXFileReference section */

/* Begin PBXFrameworksBuildPhase section */
		A62C2ECA2B70E1A8009761CD /* Frameworks */ = {
			isa = PBXFrameworksBuildPhase;
			buildActionMask = 2147483647;
			files = (
				A66306A52B82A7190001F8BD /* Kingfisher in Frameworks */,
				A62996302B750E160074EBF1 /* Toast in Frameworks */,
			);
			runOnlyForDeploymentPostprocessing = 0;
		};
/* End PBXFrameworksBuildPhase section */

/* Begin PBXGroup section */
		A616E9DB2B80E93B0035BECA /* Keychain Helper  */ = {
			isa = PBXGroup;
			children = (
				A616E9DC2B80E95E0035BECA /* KeychainHelperClass.swift */,
			);
			path = "Keychain Helper ";
			sourceTree = "<group>";
		};
		A62996212B74C0B50074EBF1 /* NetworkCall */ = {
			isa = PBXGroup;
			children = (
				A62996222B74C0C80074EBF1 /* NetworkCall.swift */,
			);
			path = NetworkCall;
			sourceTree = "<group>";
		};
		A629963D2B759DDB0074EBF1 /* Recommendations */ = {
			isa = PBXGroup;
			children = (
				A629963E2B759DFA0074EBF1 /* RecommendationCollectionViewCell.swift */,
				A629963F2B759DFA0074EBF1 /* RecommendationCollectionViewCell.xib */,
				A63B4AF52B7F888500ACC2AD /* RecommendationModel.swift */,
			);
			path = Recommendations;
			sourceTree = "<group>";
		};
		A62C2EC42B70E1A8009761CD = {
			isa = PBXGroup;
			children = (
				A62C2ECF2B70E1A8009761CD /* InvestmentApp */,
				A62C2ECE2B70E1A8009761CD /* Products */,
			);
			sourceTree = "<group>";
		};
		A62C2ECE2B70E1A8009761CD /* Products */ = {
			isa = PBXGroup;
			children = (
				A62C2ECD2B70E1A8009761CD /* InvestmentApp.app */,
			);
			name = Products;
			sourceTree = "<group>";
		};
		A62C2ECF2B70E1A8009761CD /* InvestmentApp */ = {
			isa = PBXGroup;
			children = (
				A6697CCC2B8BF6AD00D0BB3F /* Raiser LaunchScreen */,
				A6697CBD2B8BD0E600D0BB3F /* ALAT Ecosystem */,
				A66306AA2B82BAC10001F8BD /* DIContainer */,
				A616E9DB2B80E93B0035BECA /* Keychain Helper  */,
				A666F0732B7EA8470042270D /* Alert Group */,
				A64E63212B7AA2CB00493E50 /* Splash Screen */,
				A62996212B74C0B50074EBF1 /* NetworkCall */,
				A642C62B2B72388E00E991D2 /* App Content */,
				A62C2EE42B70E231009761CD /* Authentication */,
				A62C2ED02B70E1A8009761CD /* AppDelegate.swift */,
				A62C2ED22B70E1A8009761CD /* SceneDelegate.swift */,
				A62C2ED92B70E1A9009761CD /* Assets.xcassets */,
				A62C2EDE2B70E1A9009761CD /* Info.plist */,
				A642C6362B724C9700E991D2 /* ButtonColor.swift */,
				A642C6382B727F2500E991D2 /* ColorLable.swift */,
				A648D14C2B73C8E800DAA3BE /* Labels.swift */,
				A6FF57842B76562B004D3841 /* KeyboardUtility.swift */,
				A687BA472B76ACA500274B14 /* ViewPushClass.swift */,
				A6853FC82B77CB4A00011806 /* TogglePassword.swift */,
				A6853FCA2B78008700011806 /* TextColor.swift */,
				A6F741502B7CCB1600E1C9A5 /* NavigationBar.swift */,
				A65E53DA2B81557E00A0BF39 /* NavigationBarItemColor.swift */,
				A66306A12B82992C0001F8BD /* LabelColor.swift */,
				A6AEDAFC2B86E5F300110C18 /* View Skip.swift */,
			);
			path = InvestmentApp;
			sourceTree = "<group>";
		};
		A62C2EE42B70E231009761CD /* Authentication */ = {
			isa = PBXGroup;
			children = (
				A666577E2B741EEA00991EF2 /* OTP */,
				A64118792B71334D004046F8 /* Onboarding  */,
				A6E727682B710DD800798D9B /* Sign Up */,
				A6E727632B71077000798D9B /* Reset Password */,
				A62C2EE52B70E24B009761CD /* Login */,
			);
			path = Authentication;
			sourceTree = "<group>";
		};
		A62C2EE52B70E24B009761CD /* Login */ = {
			isa = PBXGroup;
			children = (
				A62C2EE62B70E5EF009761CD /* LoginPageViewController.swift */,
				A62C2EE72B70E5EF009761CD /* LoginPageViewController.xib */,
				A6FF57782B760D82004D3841 /* LoginModel.swift */,
				A6FF577A2B760F27004D3841 /* LoginNetworkCall.swift */,
				A6FF577C2B760F92004D3841 /* LoginViewModel.swift */,
			);
			path = Login;
			sourceTree = "<group>";
		};
		A64118792B71334D004046F8 /* Onboarding  */ = {
			isa = PBXGroup;
			children = (
				A641187A2B713367004046F8 /* OnboardingViewController.swift */,
				A641187B2B713367004046F8 /* OnboardingViewController.xib */,
				A65A256A2B717A1B000EFA3D /* OnboardingSecondViewController.swift */,
				A65A256B2B717A1B000EFA3D /* OnboardingSecondViewController.xib */,
				A65A256E2B719919000EFA3D /* OnboardingThirdViewController.swift */,
				A65A256F2B719919000EFA3D /* OnboardingThirdViewController.xib */,
				A642C6232B72138E00E991D2 /* OnboardingFourViewController.swift */,
				A642C6242B72138E00E991D2 /* OnboardingFourViewController.xib */,
				A642C6272B72197800E991D2 /* OnboardingFiveViewController.swift */,
				A642C6282B72197800E991D2 /* OnboardingFiveViewController.xib */,
			);
			path = "Onboarding ";
			sourceTree = "<group>";
		};
		A642C62B2B72388E00E991D2 /* App Content */ = {
			isa = PBXGroup;
			children = (
				A6C7B41E2B73977A009B0059 /* Investment Tab */,
				A6C7B41D2B739767009B0059 /* Analyze Tab */,
				A6C7B41A2B7394FF009B0059 /* Tab Group */,
				A6C7B4082B736C37009B0059 /* Home Tab */,
				A6C7B4072B736C0D009B0059 /* Learn Tab */,
			);
			path = "App Content";
			sourceTree = "<group>";
		};
		A64E63212B7AA2CB00493E50 /* Splash Screen */ = {
			isa = PBXGroup;
			children = (
				A6697CD12B8BFD9400D0BB3F /* New Or Existing User View */,
				A64E631D2B7A9CCD00493E50 /* SplashScreenViewController.swift */,
				A64E631E2B7A9CCD00493E50 /* SplashScreenViewController.xib */,
				A64E63222B7AA2F600493E50 /* SplashSreenCollectionViewCell.swift */,
				A64E63232B7AA2F600493E50 /* SplashSreenCollectionViewCell.xib */,
				A64E63262B7AA39A00493E50 /* Splash Model.swift */,
			);
			path = "Splash Screen";
			sourceTree = "<group>";
		};
		A66306AA2B82BAC10001F8BD /* DIContainer */ = {
			isa = PBXGroup;
			children = (
				A66306AB2B82BADB0001F8BD /* DIContainer.swift */,
			);
			path = DIContainer;
			sourceTree = "<group>";
		};
		A666577E2B741EEA00991EF2 /* OTP */ = {
			isa = PBXGroup;
			children = (
				A666577F2B741F0400991EF2 /* OTPViewController.swift */,
				A66657802B741F0400991EF2 /* OTPViewController.xib */,
				A62996282B74F5D90074EBF1 /* OTPVerificationModel.swift */,
				A629962A2B74F69D0074EBF1 /* OTPViewModel.swift */,
				A629962C2B74F8CC0074EBF1 /* OTPNetworkCall.swift */,
			);
			path = OTP;
			sourceTree = "<group>";
		};
		A666F0732B7EA8470042270D /* Alert Group */ = {
			isa = PBXGroup;
			children = (
				A666F0782B7EB0440042270D /* CustomAlertViewController.swift */,
				A666F0792B7EB0440042270D /* CustomAlertViewController.xib */,
			);
			path = "Alert Group";
			sourceTree = "<group>";
		};
		A6697CBD2B8BD0E600D0BB3F /* ALAT Ecosystem */ = {
			isa = PBXGroup;
			children = (
				A6697CC22B8BD16400D0BB3F /* ALATEcosystemViewController.swift */,
				A6697CC32B8BD16400D0BB3F /* ALATEcosystemViewController.xib */,
				A6697CC62B8BE3DA00D0BB3F /* ALATEcosystemCollectionViewCell.swift */,
				A6697CC72B8BE3DA00D0BB3F /* ALATEcosystemCollectionViewCell.xib */,
				A6697CCA2B8BE50F00D0BB3F /* ALATEcosystemCollectionCellModel.swift */,
			);
			path = "ALAT Ecosystem";
			sourceTree = "<group>";
		};
		A6697CCC2B8BF6AD00D0BB3F /* Raiser LaunchScreen */ = {
			isa = PBXGroup;
			children = (
				A6697CCD2B8BF6E800D0BB3F /* RaiserViewController.swift */,
				A6697CCE2B8BF6E800D0BB3F /* RaiserViewController.xib */,
			);
			path = "Raiser LaunchScreen";
			sourceTree = "<group>";
		};
		A6697CD12B8BFD9400D0BB3F /* New Or Existing User View */ = {
			isa = PBXGroup;
			children = (
				A6697CD22B8BFDC500D0BB3F /* NewOrExistingUserViewController.swift */,
				A6697CD32B8BFDC500D0BB3F /* NewOrExistingUserViewController.xib */,
			);
			path = "New Or Existing User View";
			sourceTree = "<group>";
		};
		A674EEA02B7B4AB4007C07FC /* Group Investment */ = {
			isa = PBXGroup;
			children = (
				A6A1ACC92B85DD4B0097E7D3 /* PortFoliio */,
				A6DE974C2B84E1F4008EBCC6 /* Calculate ROI */,
				A674EEA12B7B4B03007C07FC /* GroupInvestmentViewController.swift */,
				A674EEA22B7B4B03007C07FC /* GroupInvestmentViewController.xib */,
				A6F741522B7CF9A800E1C9A5 /* JoinGroupViewController.swift */,
				A6F741532B7CF9A800E1C9A5 /* JoinGroupViewController.xib */,
				A6F7415A2B7CFA6000E1C9A5 /* JoinGroupTableViewCell.swift */,
				A6F7415B2B7CFA6000E1C9A5 /* JoinGroupTableViewCell.xib */,
				A6F7415E2B7D030500E1C9A5 /* JoinGroupModel.swift */,
				A66EA9352B8370520006B3B4 /* JoinGroupNetworkCall.swift */,
				A66EA9372B8370D30006B3B4 /* JoinGroupViewModel.swift */,
				A63B4AF72B800A8A00ACC2AD /* InvestmentCollectionViewCell.swift */,
				A63B4AF82B800A8A00ACC2AD /* InvestmentCollectionViewCell.xib */,
				A63B4AFB2B80102D00ACC2AD /* AboutCollectionViewCell.swift */,
				A63B4AFC2B80102D00ACC2AD /* AboutCollectionViewCell.xib */,
				A63B4AFF2B802D4400ACC2AD /* GroupInvestmentDetailsViewController.swift */,
				A63B4B002B802D4400ACC2AD /* GroupInvestmentDetailsViewController.xib */,
				A6C7B4232B7397AE009B0059 /* InvestmentViewController.swift */,
				A6C7B4242B7397AE009B0059 /* InvestmentViewController.xib */,
			);
			path = "Group Investment";
			sourceTree = "<group>";
		};
		A6A1ACC92B85DD4B0097E7D3 /* PortFoliio */ = {
			isa = PBXGroup;
			children = (
				A64E63172B7A222A00493E50 /* PortFolioDataTableViewCell.swift */,
				A64E63182B7A222A00493E50 /* PortFolioDataTableViewCell.xib */,
				A64E631B2B7A232D00493E50 /* PortFolioModel.swift */,
				A64E63142B7A203D00493E50 /* PortFolioTableViewCell.xib */,
				A64E63132B7A203D00493E50 /* PortFolioTableViewCell.swift */,
				A6A1ACCA2B85DDF00097E7D3 /* PortFolioNetworkCall.swift */,
				A6A1ACCC2B85DEAB0097E7D3 /* PortFolioViewModel.swift */,
			);
			path = PortFoliio;
			sourceTree = "<group>";
		};
		A6C7B4072B736C0D009B0059 /* Learn Tab */ = {
			isa = PBXGroup;
			children = (
				A642C62C2B7238CD00E991D2 /* LearnViewController.swift */,
				A642C62D2B7238CD00E991D2 /* LearnViewController.xib */,
				A642C6302B7239C900E991D2 /* LearnTableViewCell.swift */,
				A642C6312B7239C900E991D2 /* LearnTableViewCell.xib */,
				A642C6342B723D3E00E991D2 /* LearnModel.swift */,
				A6F7414C2B7C9F5700E1C9A5 /* LearnNavigation.xib */,
				A6F7414E2B7CABAE00E1C9A5 /* LearnNavigation.swift */,
			);
			path = "Learn Tab";
			sourceTree = "<group>";
		};
		A6C7B4082B736C37009B0059 /* Home Tab */ = {
			isa = PBXGroup;
			children = (
				A629963D2B759DDB0074EBF1 /* Recommendations */,
				A6C7B4152B739185009B0059 /* Verification Collection */,
				A6C7B40D2B73800E009B0059 /* HomeTopCollection */,
			);
			path = "Home Tab";
			sourceTree = "<group>";
		};
		A6C7B40D2B73800E009B0059 /* HomeTopCollection */ = {
			isa = PBXGroup;
			children = (
				A6C7B40E2B738040009B0059 /* HomeTopCollectionViewCell.swift */,
				A6C7B40F2B738040009B0059 /* HomeTopCollectionViewCell.xib */,
				A6C7B4142B739122009B0059 /* HomeController */,
				A6C7B4122B738151009B0059 /* HomeTopModel.swift */,
			);
			path = HomeTopCollection;
			sourceTree = "<group>";
		};
		A6C7B4142B739122009B0059 /* HomeController */ = {
			isa = PBXGroup;
			children = (
				A6C7B4092B736C56009B0059 /* HomeViewController.swift */,
				A6C7B40A2B736C56009B0059 /* HomeViewController.xib */,
			);
			path = HomeController;
			sourceTree = "<group>";
		};
		A6C7B4152B739185009B0059 /* Verification Collection */ = {
			isa = PBXGroup;
			children = (
				A6C7B4162B7391A7009B0059 /* VerificationCollectionViewCell.swift */,
				A6C7B4172B7391A7009B0059 /* VerificationCollectionViewCell.xib */,
				A62996312B7571F50074EBF1 /* VerificationUpdatesModel.swift */,
			);
			path = "Verification Collection";
			sourceTree = "<group>";
		};
		A6C7B41A2B7394FF009B0059 /* Tab Group */ = {
			isa = PBXGroup;
			children = (
				A6C7B41B2B73956D009B0059 /* TabViewController.swift */,
			);
			path = "Tab Group";
			sourceTree = "<group>";
		};
		A6C7B41D2B739767009B0059 /* Analyze Tab */ = {
			isa = PBXGroup;
			children = (
				A6C7B41F2B73979B009B0059 /* AnalyzeViewController.swift */,
				A6C7B4202B73979B009B0059 /* AnalyzeViewController.xib */,
			);
			path = "Analyze Tab";
			sourceTree = "<group>";
		};
		A6C7B41E2B73977A009B0059 /* Investment Tab */ = {
			isa = PBXGroup;
			children = (
				A674EEA02B7B4AB4007C07FC /* Group Investment */,
				A6FF577E2B76362F004D3841 /* CategoryCollectionViewCell.swift */,
				A6FF577F2B76362F004D3841 /* CategoryCollectionViewCell.xib */,
				A6FF57822B763753004D3841 /* AgroModel.swift */,
				A6B743012B794D5300E2D6A4 /* TrendingAndPortfolioCollectionViewCell.swift */,
				A6B743022B794D5300E2D6A4 /* TrendingAndPortfolioCollectionViewCell.xib */,
				A6B743052B794DE700E2D6A4 /* TrendingAndPortfolioModel.swift */,
				A64E63042B7A02FD00493E50 /* TrendingCollectionViewCell.swift */,
				A64E63052B7A02FD00493E50 /* TrendingCollectionViewCell.xib */,
				A64E630C2B7A040700493E50 /* TrendingDataTableViewCell.swift */,
				A64E630D2B7A040700493E50 /* TrendingDataTableViewCell.xib */,
				A64E63102B7A057000493E50 /* TredingStocksModel.swift */,
				A66306A62B82AA500001F8BD /* TrendingStockNetworkCall.swift */,
				A66306A82B82AB110001F8BD /* TrendingStockViewModel.swift */,
			);
			path = "Investment Tab";
			sourceTree = "<group>";
		};
		A6DE974C2B84E1F4008EBCC6 /* Calculate ROI */ = {
			isa = PBXGroup;
			children = (
				A6DE974D2B84E213008EBCC6 /* ROIModel.swift */,
				A6DE974F2B84E2B8008EBCC6 /* ROINetworkCall.swift */,
				A6DE97512B84E3BF008EBCC6 /* ROIViewModel.swift */,
			);
			path = "Calculate ROI";
			sourceTree = "<group>";
		};
		A6E727632B71077000798D9B /* Reset Password */ = {
			isa = PBXGroup;
			children = (
				A6E727642B71078E00798D9B /* ResetPasswordViewController.swift */,
				A6E727652B71078E00798D9B /* ResetPasswordViewController.xib */,
			);
			path = "Reset Password";
			sourceTree = "<group>";
		};
		A6E727682B710DD800798D9B /* Sign Up */ = {
			isa = PBXGroup;
			children = (
				A62996242B74C2060074EBF1 /* registrationModel.swift */,
				A62996262B74C3260074EBF1 /* RegistrationViewModel.swift */,
				A6E727692B710DF200798D9B /* SignUpViewController.swift */,
				A6E7276A2B710DF200798D9B /* SignUpViewController.xib */,
			);
			path = "Sign Up";
			sourceTree = "<group>";
		};
/* End PBXGroup section */

/* Begin PBXNativeTarget section */
		A62C2ECC2B70E1A8009761CD /* InvestmentApp */ = {
			isa = PBXNativeTarget;
			buildConfigurationList = A62C2EE12B70E1A9009761CD /* Build configuration list for PBXNativeTarget "InvestmentApp" */;
			buildPhases = (
				A62C2EC92B70E1A8009761CD /* Sources */,
				A62C2ECA2B70E1A8009761CD /* Frameworks */,
				A62C2ECB2B70E1A8009761CD /* Resources */,
			);
			buildRules = (
			);
			dependencies = (
			);
			name = InvestmentApp;
			packageProductDependencies = (
				A629962F2B750E160074EBF1 /* Toast */,
				A66306A42B82A7190001F8BD /* Kingfisher */,
			);
			productName = InvestmentApp;
			productReference = A62C2ECD2B70E1A8009761CD /* InvestmentApp.app */;
			productType = "com.apple.product-type.application";
		};
/* End PBXNativeTarget section */

/* Begin PBXProject section */
		A62C2EC52B70E1A8009761CD /* Project object */ = {
			isa = PBXProject;
			attributes = {
				BuildIndependentTargetsInParallel = 1;
				LastSwiftUpdateCheck = 1520;
				LastUpgradeCheck = 1520;
				TargetAttributes = {
					A62C2ECC2B70E1A8009761CD = {
						CreatedOnToolsVersion = 15.2;
					};
				};
			};
			buildConfigurationList = A62C2EC82B70E1A8009761CD /* Build configuration list for PBXProject "InvestmentApp" */;
			compatibilityVersion = "Xcode 14.0";
			developmentRegion = en;
			hasScannedForEncodings = 0;
			knownRegions = (
				en,
				Base,
			);
			mainGroup = A62C2EC42B70E1A8009761CD;
			packageReferences = (
				A629962E2B750E160074EBF1 /* XCRemoteSwiftPackageReference "toast-swift" */,
				A66306A32B82A7190001F8BD /* XCRemoteSwiftPackageReference "Kingfisher" */,
			);
			productRefGroup = A62C2ECE2B70E1A8009761CD /* Products */;
			projectDirPath = "";
			projectRoot = "";
			targets = (
				A62C2ECC2B70E1A8009761CD /* InvestmentApp */,
			);
		};
/* End PBXProject section */

/* Begin PBXResourcesBuildPhase section */
		A62C2ECB2B70E1A8009761CD /* Resources */ = {
			isa = PBXResourcesBuildPhase;
			buildActionMask = 2147483647;
			files = (
				A666F07B2B7EB0440042270D /* CustomAlertViewController.xib in Resources */,
				A642C6332B7239C900E991D2 /* LearnTableViewCell.xib in Resources */,
				A6E7276C2B710DF200798D9B /* SignUpViewController.xib in Resources */,
				A6C7B40C2B736C56009B0059 /* HomeViewController.xib in Resources */,
				A64E63252B7AA2F600493E50 /* SplashSreenCollectionViewCell.xib in Resources */,
				A6697CC52B8BD16400D0BB3F /* ALATEcosystemViewController.xib in Resources */,
				A64E63072B7A02FD00493E50 /* TrendingCollectionViewCell.xib in Resources */,
				A62996412B759DFA0074EBF1 /* RecommendationCollectionViewCell.xib in Resources */,
				A6697CC92B8BE3DA00D0BB3F /* ALATEcosystemCollectionViewCell.xib in Resources */,
				A642C6262B72138E00E991D2 /* OnboardingFourViewController.xib in Resources */,
				A6C7B4112B738040009B0059 /* HomeTopCollectionViewCell.xib in Resources */,
				A6F7415D2B7CFA6000E1C9A5 /* JoinGroupTableViewCell.xib in Resources */,
				A6E727672B71078F00798D9B /* ResetPasswordViewController.xib in Resources */,
				A63B4AFE2B80102D00ACC2AD /* AboutCollectionViewCell.xib in Resources */,
				A63B4AFA2B800A8A00ACC2AD /* InvestmentCollectionViewCell.xib in Resources */,
				A642C62A2B72197800E991D2 /* OnboardingFiveViewController.xib in Resources */,
				A6C7B4192B7391A7009B0059 /* VerificationCollectionViewCell.xib in Resources */,
				A6F7414D2B7C9F5700E1C9A5 /* LearnNavigation.xib in Resources */,
				A6B743042B794D5300E2D6A4 /* TrendingAndPortfolioCollectionViewCell.xib in Resources */,
				A64E63162B7A203D00493E50 /* PortFolioTableViewCell.xib in Resources */,
				A65A256D2B717A1B000EFA3D /* OnboardingSecondViewController.xib in Resources */,
				A63B4B022B802D4400ACC2AD /* GroupInvestmentDetailsViewController.xib in Resources */,
				A6F741552B7CF9A800E1C9A5 /* JoinGroupViewController.xib in Resources */,
				A6697CD02B8BF6E800D0BB3F /* RaiserViewController.xib in Resources */,
				A642C62F2B7238CD00E991D2 /* LearnViewController.xib in Resources */,
				A64E631A2B7A222A00493E50 /* PortFolioDataTableViewCell.xib in Resources */,
				A62C2EDA2B70E1A9009761CD /* Assets.xcassets in Resources */,
				A66657822B741F0400991EF2 /* OTPViewController.xib in Resources */,
				A6697CD52B8BFDC500D0BB3F /* NewOrExistingUserViewController.xib in Resources */,
				A65A25712B719919000EFA3D /* OnboardingThirdViewController.xib in Resources */,
				A6C7B4262B7397AE009B0059 /* InvestmentViewController.xib in Resources */,
				A674EEA42B7B4B03007C07FC /* GroupInvestmentViewController.xib in Resources */,
				A6FF57812B76362F004D3841 /* CategoryCollectionViewCell.xib in Resources */,
				A6C7B4222B73979B009B0059 /* AnalyzeViewController.xib in Resources */,
				A62C2EE92B70E5EF009761CD /* LoginPageViewController.xib in Resources */,
				A64E630F2B7A040700493E50 /* TrendingDataTableViewCell.xib in Resources */,
				A641187D2B713367004046F8 /* OnboardingViewController.xib in Resources */,
				A64E63202B7A9CCD00493E50 /* SplashScreenViewController.xib in Resources */,
			);
			runOnlyForDeploymentPostprocessing = 0;
		};
/* End PBXResourcesBuildPhase section */

/* Begin PBXSourcesBuildPhase section */
		A62C2EC92B70E1A8009761CD /* Sources */ = {
			isa = PBXSourcesBuildPhase;
			buildActionMask = 2147483647;
			files = (
				A629962D2B74F8CC0074EBF1 /* OTPNetworkCall.swift in Sources */,
				A66306AC2B82BADB0001F8BD /* DIContainer.swift in Sources */,
				A64E63152B7A203D00493E50 /* PortFolioTableViewCell.swift in Sources */,
				A674EEA32B7B4B03007C07FC /* GroupInvestmentViewController.swift in Sources */,
				A6C7B4132B738151009B0059 /* HomeTopModel.swift in Sources */,
				A62996252B74C2060074EBF1 /* registrationModel.swift in Sources */,
				A63B4B012B802D4400ACC2AD /* GroupInvestmentDetailsViewController.swift in Sources */,
				A6F741512B7CCB1600E1C9A5 /* NavigationBar.swift in Sources */,
				A6C7B4252B7397AE009B0059 /* InvestmentViewController.swift in Sources */,
				A6FF57802B76362F004D3841 /* CategoryCollectionViewCell.swift in Sources */,
				A66EA9362B8370520006B3B4 /* JoinGroupNetworkCall.swift in Sources */,
				A6AEDAFD2B86E5F300110C18 /* View Skip.swift in Sources */,
				A642C6322B7239C900E991D2 /* LearnTableViewCell.swift in Sources */,
				A6B743032B794D5300E2D6A4 /* TrendingAndPortfolioCollectionViewCell.swift in Sources */,
				A62C2EE82B70E5EF009761CD /* LoginPageViewController.swift in Sources */,
				A641187C2B713367004046F8 /* OnboardingViewController.swift in Sources */,
				A6F741542B7CF9A800E1C9A5 /* JoinGroupViewController.swift in Sources */,
				A6C7B40B2B736C56009B0059 /* HomeViewController.swift in Sources */,
				A6F7414F2B7CABAE00E1C9A5 /* LearnNavigation.swift in Sources */,
				A6B743062B794DE700E2D6A4 /* TrendingAndPortfolioModel.swift in Sources */,
				A62996232B74C0C80074EBF1 /* NetworkCall.swift in Sources */,
				A62996322B7571F50074EBF1 /* VerificationUpdatesModel.swift in Sources */,
				A62C2ED12B70E1A8009761CD /* AppDelegate.swift in Sources */,
				A642C6292B72197800E991D2 /* OnboardingFiveViewController.swift in Sources */,
				A63B4AFD2B80102D00ACC2AD /* AboutCollectionViewCell.swift in Sources */,
				A6C7B4212B73979B009B0059 /* AnalyzeViewController.swift in Sources */,
				A6697CD42B8BFDC500D0BB3F /* NewOrExistingUserViewController.swift in Sources */,
				A65E53DB2B81557E00A0BF39 /* NavigationBarItemColor.swift in Sources */,
				A6FF577D2B760F92004D3841 /* LoginViewModel.swift in Sources */,
				A666F07A2B7EB0440042270D /* CustomAlertViewController.swift in Sources */,
				A6DE974E2B84E213008EBCC6 /* ROIModel.swift in Sources */,
				A6697CCF2B8BF6E800D0BB3F /* RaiserViewController.swift in Sources */,
				A648D14D2B73C8E800DAA3BE /* Labels.swift in Sources */,
				A6853FCB2B78008700011806 /* TextColor.swift in Sources */,
				A6697CC82B8BE3DA00D0BB3F /* ALATEcosystemCollectionViewCell.swift in Sources */,
				A65A25702B719919000EFA3D /* OnboardingThirdViewController.swift in Sources */,
				A6C7B4102B738040009B0059 /* HomeTopCollectionViewCell.swift in Sources */,
				A66306A92B82AB110001F8BD /* TrendingStockViewModel.swift in Sources */,
				A66306A72B82AA500001F8BD /* TrendingStockNetworkCall.swift in Sources */,
				A66657812B741F0400991EF2 /* OTPViewController.swift in Sources */,
				A6C7B4182B7391A7009B0059 /* VerificationCollectionViewCell.swift in Sources */,
				A66EA9382B8370D30006B3B4 /* JoinGroupViewModel.swift in Sources */,
				A63B4AF92B800A8A00ACC2AD /* InvestmentCollectionViewCell.swift in Sources */,
				A6A1ACCB2B85DDF00097E7D3 /* PortFolioNetworkCall.swift in Sources */,
				A62996272B74C3260074EBF1 /* RegistrationViewModel.swift in Sources */,
				A687BA482B76ACA500274B14 /* ViewPushClass.swift in Sources */,
				A642C6252B72138E00E991D2 /* OnboardingFourViewController.swift in Sources */,
				A64E63242B7AA2F600493E50 /* SplashSreenCollectionViewCell.swift in Sources */,
				A6C7B41C2B73956D009B0059 /* TabViewController.swift in Sources */,
				A64E63272B7AA39A00493E50 /* Splash Model.swift in Sources */,
				A64E631F2B7A9CCD00493E50 /* SplashScreenViewController.swift in Sources */,
				A64E63192B7A222A00493E50 /* PortFolioDataTableViewCell.swift in Sources */,
				A629962B2B74F69D0074EBF1 /* OTPViewModel.swift in Sources */,
				A6F7415C2B7CFA6000E1C9A5 /* JoinGroupTableViewCell.swift in Sources */,
				A642C62E2B7238CD00E991D2 /* LearnViewController.swift in Sources */,
				A62996292B74F5D90074EBF1 /* OTPVerificationModel.swift in Sources */,
				A6DE97522B84E3BF008EBCC6 /* ROIViewModel.swift in Sources */,
				A64E63062B7A02FD00493E50 /* TrendingCollectionViewCell.swift in Sources */,
				A65A256C2B717A1B000EFA3D /* OnboardingSecondViewController.swift in Sources */,
				A6853FC92B77CB4A00011806 /* TogglePassword.swift in Sources */,
				A6FF57792B760D82004D3841 /* LoginModel.swift in Sources */,
				A6A1ACCD2B85DEAB0097E7D3 /* PortFolioViewModel.swift in Sources */,
				A6697CCB2B8BE50F00D0BB3F /* ALATEcosystemCollectionCellModel.swift in Sources */,
				A6FF577B2B760F27004D3841 /* LoginNetworkCall.swift in Sources */,
				A66306A22B82992C0001F8BD /* LabelColor.swift in Sources */,
				A642C6352B723D3E00E991D2 /* LearnModel.swift in Sources */,
				A62C2ED32B70E1A8009761CD /* SceneDelegate.swift in Sources */,
				A6FF57852B76562B004D3841 /* KeyboardUtility.swift in Sources */,
				A64E630E2B7A040700493E50 /* TrendingDataTableViewCell.swift in Sources */,
				A6E727662B71078E00798D9B /* ResetPasswordViewController.swift in Sources */,
				A616E9DD2B80E95E0035BECA /* KeychainHelperClass.swift in Sources */,
				A6E7276B2B710DF200798D9B /* SignUpViewController.swift in Sources */,
				A62996402B759DFA0074EBF1 /* RecommendationCollectionViewCell.swift in Sources */,
				A6DE97502B84E2B8008EBCC6 /* ROINetworkCall.swift in Sources */,
				A64E63112B7A057000493E50 /* TredingStocksModel.swift in Sources */,
				A6697CC42B8BD16400D0BB3F /* ALATEcosystemViewController.swift in Sources */,
				A642C6392B727F2500E991D2 /* ColorLable.swift in Sources */,
				A64E631C2B7A232D00493E50 /* PortFolioModel.swift in Sources */,
				A642C6372B724C9700E991D2 /* ButtonColor.swift in Sources */,
				A6FF57832B763753004D3841 /* AgroModel.swift in Sources */,
				A63B4AF62B7F888500ACC2AD /* RecommendationModel.swift in Sources */,
				A6F7415F2B7D030500E1C9A5 /* JoinGroupModel.swift in Sources */,
			);
			runOnlyForDeploymentPostprocessing = 0;
		};
/* End PBXSourcesBuildPhase section */

/* Begin XCBuildConfiguration section */
		A62C2EDF2B70E1A9009761CD /* Debug */ = {
			isa = XCBuildConfiguration;
			buildSettings = {
				ALWAYS_SEARCH_USER_PATHS = NO;
				ASSETCATALOG_COMPILER_GENERATE_SWIFT_ASSET_SYMBOL_EXTENSIONS = YES;
				CLANG_ANALYZER_NONNULL = YES;
				CLANG_ANALYZER_NUMBER_OBJECT_CONVERSION = YES_AGGRESSIVE;
				CLANG_CXX_LANGUAGE_STANDARD = "gnu++20";
				CLANG_ENABLE_MODULES = YES;
				CLANG_ENABLE_OBJC_ARC = YES;
				CLANG_ENABLE_OBJC_WEAK = YES;
				CLANG_WARN_BLOCK_CAPTURE_AUTORELEASING = YES;
				CLANG_WARN_BOOL_CONVERSION = YES;
				CLANG_WARN_COMMA = YES;
				CLANG_WARN_CONSTANT_CONVERSION = YES;
				CLANG_WARN_DEPRECATED_OBJC_IMPLEMENTATIONS = YES;
				CLANG_WARN_DIRECT_OBJC_ISA_USAGE = YES_ERROR;
				CLANG_WARN_DOCUMENTATION_COMMENTS = YES;
				CLANG_WARN_EMPTY_BODY = YES;
				CLANG_WARN_ENUM_CONVERSION = YES;
				CLANG_WARN_INFINITE_RECURSION = YES;
				CLANG_WARN_INT_CONVERSION = YES;
				CLANG_WARN_NON_LITERAL_NULL_CONVERSION = YES;
				CLANG_WARN_OBJC_IMPLICIT_RETAIN_SELF = YES;
				CLANG_WARN_OBJC_LITERAL_CONVERSION = YES;
				CLANG_WARN_OBJC_ROOT_CLASS = YES_ERROR;
				CLANG_WARN_QUOTED_INCLUDE_IN_FRAMEWORK_HEADER = YES;
				CLANG_WARN_RANGE_LOOP_ANALYSIS = YES;
				CLANG_WARN_STRICT_PROTOTYPES = YES;
				CLANG_WARN_SUSPICIOUS_MOVE = YES;
				CLANG_WARN_UNGUARDED_AVAILABILITY = YES_AGGRESSIVE;
				CLANG_WARN_UNREACHABLE_CODE = YES;
				CLANG_WARN__DUPLICATE_METHOD_MATCH = YES;
				COPY_PHASE_STRIP = NO;
				DEBUG_INFORMATION_FORMAT = dwarf;
				ENABLE_STRICT_OBJC_MSGSEND = YES;
				ENABLE_TESTABILITY = YES;
				ENABLE_USER_SCRIPT_SANDBOXING = YES;
				GCC_C_LANGUAGE_STANDARD = gnu17;
				GCC_DYNAMIC_NO_PIC = NO;
				GCC_NO_COMMON_BLOCKS = YES;
				GCC_OPTIMIZATION_LEVEL = 0;
				GCC_PREPROCESSOR_DEFINITIONS = (
					"DEBUG=1",
					"$(inherited)",
				);
				GCC_WARN_64_TO_32_BIT_CONVERSION = YES;
				GCC_WARN_ABOUT_RETURN_TYPE = YES_ERROR;
				GCC_WARN_UNDECLARED_SELECTOR = YES;
				GCC_WARN_UNINITIALIZED_AUTOS = YES_AGGRESSIVE;
				GCC_WARN_UNUSED_FUNCTION = YES;
				GCC_WARN_UNUSED_VARIABLE = YES;
				IPHONEOS_DEPLOYMENT_TARGET = 17.2;
				LOCALIZATION_PREFERS_STRING_CATALOGS = YES;
				MTL_ENABLE_DEBUG_INFO = INCLUDE_SOURCE;
				MTL_FAST_MATH = YES;
				ONLY_ACTIVE_ARCH = YES;
				SDKROOT = iphoneos;
				SWIFT_ACTIVE_COMPILATION_CONDITIONS = "DEBUG $(inherited)";
				SWIFT_OPTIMIZATION_LEVEL = "-Onone";
			};
			name = Debug;
		};
		A62C2EE02B70E1A9009761CD /* Release */ = {
			isa = XCBuildConfiguration;
			buildSettings = {
				ALWAYS_SEARCH_USER_PATHS = NO;
				ASSETCATALOG_COMPILER_GENERATE_SWIFT_ASSET_SYMBOL_EXTENSIONS = YES;
				CLANG_ANALYZER_NONNULL = YES;
				CLANG_ANALYZER_NUMBER_OBJECT_CONVERSION = YES_AGGRESSIVE;
				CLANG_CXX_LANGUAGE_STANDARD = "gnu++20";
				CLANG_ENABLE_MODULES = YES;
				CLANG_ENABLE_OBJC_ARC = YES;
				CLANG_ENABLE_OBJC_WEAK = YES;
				CLANG_WARN_BLOCK_CAPTURE_AUTORELEASING = YES;
				CLANG_WARN_BOOL_CONVERSION = YES;
				CLANG_WARN_COMMA = YES;
				CLANG_WARN_CONSTANT_CONVERSION = YES;
				CLANG_WARN_DEPRECATED_OBJC_IMPLEMENTATIONS = YES;
				CLANG_WARN_DIRECT_OBJC_ISA_USAGE = YES_ERROR;
				CLANG_WARN_DOCUMENTATION_COMMENTS = YES;
				CLANG_WARN_EMPTY_BODY = YES;
				CLANG_WARN_ENUM_CONVERSION = YES;
				CLANG_WARN_INFINITE_RECURSION = YES;
				CLANG_WARN_INT_CONVERSION = YES;
				CLANG_WARN_NON_LITERAL_NULL_CONVERSION = YES;
				CLANG_WARN_OBJC_IMPLICIT_RETAIN_SELF = YES;
				CLANG_WARN_OBJC_LITERAL_CONVERSION = YES;
				CLANG_WARN_OBJC_ROOT_CLASS = YES_ERROR;
				CLANG_WARN_QUOTED_INCLUDE_IN_FRAMEWORK_HEADER = YES;
				CLANG_WARN_RANGE_LOOP_ANALYSIS = YES;
				CLANG_WARN_STRICT_PROTOTYPES = YES;
				CLANG_WARN_SUSPICIOUS_MOVE = YES;
				CLANG_WARN_UNGUARDED_AVAILABILITY = YES_AGGRESSIVE;
				CLANG_WARN_UNREACHABLE_CODE = YES;
				CLANG_WARN__DUPLICATE_METHOD_MATCH = YES;
				COPY_PHASE_STRIP = NO;
				DEBUG_INFORMATION_FORMAT = "dwarf-with-dsym";
				ENABLE_NS_ASSERTIONS = NO;
				ENABLE_STRICT_OBJC_MSGSEND = YES;
				ENABLE_USER_SCRIPT_SANDBOXING = YES;
				GCC_C_LANGUAGE_STANDARD = gnu17;
				GCC_NO_COMMON_BLOCKS = YES;
				GCC_WARN_64_TO_32_BIT_CONVERSION = YES;
				GCC_WARN_ABOUT_RETURN_TYPE = YES_ERROR;
				GCC_WARN_UNDECLARED_SELECTOR = YES;
				GCC_WARN_UNINITIALIZED_AUTOS = YES_AGGRESSIVE;
				GCC_WARN_UNUSED_FUNCTION = YES;
				GCC_WARN_UNUSED_VARIABLE = YES;
				IPHONEOS_DEPLOYMENT_TARGET = 17.2;
				LOCALIZATION_PREFERS_STRING_CATALOGS = YES;
				MTL_ENABLE_DEBUG_INFO = NO;
				MTL_FAST_MATH = YES;
				SDKROOT = iphoneos;
				SWIFT_COMPILATION_MODE = wholemodule;
				VALIDATE_PRODUCT = YES;
			};
			name = Release;
		};
		A62C2EE22B70E1A9009761CD /* Debug */ = {
			isa = XCBuildConfiguration;
			buildSettings = {
				ASSETCATALOG_COMPILER_APPICON_NAME = AppIcon;
				ASSETCATALOG_COMPILER_GLOBAL_ACCENT_COLOR_NAME = AccentColor;
				CODE_SIGN_STYLE = Automatic;
				CURRENT_PROJECT_VERSION = 1;
				DEVELOPMENT_TEAM = W2P8F2N2L2;
				GENERATE_INFOPLIST_FILE = YES;
				INFOPLIST_FILE = InvestmentApp/Info.plist;
				INFOPLIST_KEY_UIApplicationSupportsIndirectInputEvents = YES;
				INFOPLIST_KEY_UILaunchStoryboardName = LaunchScreen;
				INFOPLIST_KEY_UISupportedInterfaceOrientations_iPad = "UIInterfaceOrientationPortrait UIInterfaceOrientationPortraitUpsideDown UIInterfaceOrientationLandscapeLeft UIInterfaceOrientationLandscapeRight";
				INFOPLIST_KEY_UISupportedInterfaceOrientations_iPhone = "UIInterfaceOrientationPortrait UIInterfaceOrientationLandscapeLeft UIInterfaceOrientationLandscapeRight";
				LD_RUNPATH_SEARCH_PATHS = (
					"$(inherited)",
					"@executable_path/Frameworks",
				);
				MARKETING_VERSION = 1.0;
				PRODUCT_BUNDLE_IDENTIFIER = com.myapp.InvestmentApp;
				PRODUCT_NAME = "$(TARGET_NAME)";
				SWIFT_EMIT_LOC_STRINGS = YES;
				SWIFT_VERSION = 5.0;
				TARGETED_DEVICE_FAMILY = "1,2";
			};
			name = Debug;
		};
		A62C2EE32B70E1A9009761CD /* Release */ = {
			isa = XCBuildConfiguration;
			buildSettings = {
				ASSETCATALOG_COMPILER_APPICON_NAME = AppIcon;
				ASSETCATALOG_COMPILER_GLOBAL_ACCENT_COLOR_NAME = AccentColor;
				CODE_SIGN_STYLE = Automatic;
				CURRENT_PROJECT_VERSION = 1;
				DEVELOPMENT_TEAM = W2P8F2N2L2;
				GENERATE_INFOPLIST_FILE = YES;
				INFOPLIST_FILE = InvestmentApp/Info.plist;
				INFOPLIST_KEY_UIApplicationSupportsIndirectInputEvents = YES;
				INFOPLIST_KEY_UILaunchStoryboardName = LaunchScreen;
				INFOPLIST_KEY_UISupportedInterfaceOrientations_iPad = "UIInterfaceOrientationPortrait UIInterfaceOrientationPortraitUpsideDown UIInterfaceOrientationLandscapeLeft UIInterfaceOrientationLandscapeRight";
				INFOPLIST_KEY_UISupportedInterfaceOrientations_iPhone = "UIInterfaceOrientationPortrait UIInterfaceOrientationLandscapeLeft UIInterfaceOrientationLandscapeRight";
				LD_RUNPATH_SEARCH_PATHS = (
					"$(inherited)",
					"@executable_path/Frameworks",
				);
				MARKETING_VERSION = 1.0;
				PRODUCT_BUNDLE_IDENTIFIER = com.myapp.InvestmentApp;
				PRODUCT_NAME = "$(TARGET_NAME)";
				SWIFT_EMIT_LOC_STRINGS = YES;
				SWIFT_VERSION = 5.0;
				TARGETED_DEVICE_FAMILY = "1,2";
			};
			name = Release;
		};
/* End XCBuildConfiguration section */

/* Begin XCConfigurationList section */
		A62C2EC82B70E1A8009761CD /* Build configuration list for PBXProject "InvestmentApp" */ = {
			isa = XCConfigurationList;
			buildConfigurations = (
				A62C2EDF2B70E1A9009761CD /* Debug */,
				A62C2EE02B70E1A9009761CD /* Release */,
			);
			defaultConfigurationIsVisible = 0;
			defaultConfigurationName = Release;
		};
		A62C2EE12B70E1A9009761CD /* Build configuration list for PBXNativeTarget "InvestmentApp" */ = {
			isa = XCConfigurationList;
			buildConfigurations = (
				A62C2EE22B70E1A9009761CD /* Debug */,
				A62C2EE32B70E1A9009761CD /* Release */,
			);
			defaultConfigurationIsVisible = 0;
			defaultConfigurationName = Release;
		};
/* End XCConfigurationList section */

/* Begin XCRemoteSwiftPackageReference section */
		A629962E2B750E160074EBF1 /* XCRemoteSwiftPackageReference "toast-swift" */ = {
			isa = XCRemoteSwiftPackageReference;
			repositoryURL = "https://github.com/BastiaanJansen/toast-swift.git";
			requirement = {
				kind = upToNextMajorVersion;
				minimumVersion = 2.1.2;
			};
		};
		A66306A32B82A7190001F8BD /* XCRemoteSwiftPackageReference "Kingfisher" */ = {
			isa = XCRemoteSwiftPackageReference;
			repositoryURL = "https://github.com/onevcat/Kingfisher.git";
			requirement = {
				kind = upToNextMajorVersion;
				minimumVersion = 7.11.0;
			};
		};
/* End XCRemoteSwiftPackageReference section */

/* Begin XCSwiftPackageProductDependency section */
		A629962F2B750E160074EBF1 /* Toast */ = {
			isa = XCSwiftPackageProductDependency;
			package = A629962E2B750E160074EBF1 /* XCRemoteSwiftPackageReference "toast-swift" */;
			productName = Toast;
		};
		A66306A42B82A7190001F8BD /* Kingfisher */ = {
			isa = XCSwiftPackageProductDependency;
			package = A66306A32B82A7190001F8BD /* XCRemoteSwiftPackageReference "Kingfisher" */;
			productName = Kingfisher;
		};
/* End XCSwiftPackageProductDependency section */
	};
	rootObject = A62C2EC52B70E1A8009761CD /* Project object */;
}
